
Microsoft Visual Studio Solution File, Format Version 12.00
# Visual Studio Version 16
VisualStudioVersion = 16.0.30717.126
MinimumVisualStudioVersion = 10.0.40219.1
Project("{FAE04EC0-301F-11D3-BF4B-00C04F79EFBC}") = "aeropuerto", "aeropuerto\aeropuerto.csproj", "{556B5B52-E3D4-46E7-BAAB-BC706BF74500}"
EndProject
Project("{FAE04EC0-301F-11D3-BF4B-00C04F79EFBC}") = "CapaEntidad", "CapaEntidad\CapaEntidad.csproj", "{6037C759-B2DF-4737-98EB-1EA8E3848533}"
EndProject
Project("{FAE04EC0-301F-11D3-BF4B-00C04F79EFBC}") = "CapaDatos", "CapaDatos\CapaDatos.csproj", "{2228B69A-78B2-405F-A081-31BA3CAD2FD0}"
EndProject
Project("{FAE04EC0-301F-11D3-BF4B-00C04F79EFBC}") = "CapaNegocio", "CapaNegocio\CapaNegocio.csproj", "{453A8087-E04F-4026-A316-A98B13871003}"
EndProject
Global
	GlobalSection(SolutionConfigurationPlatforms) = preSolution
		Debug|Any CPU = Debug|Any CPU
		Release|Any CPU = Release|Any CPU
	EndGlobalSection
	GlobalSection(ProjectConfigurationPlatforms) = postSolution
		{556B5B52-E3D4-46E7-BAAB-BC706BF74500}.Debug|Any CPU.ActiveCfg = Debug|Any CPU
		{556B5B52-E3D4-46E7-BAAB-BC706BF74500}.Debug|Any CPU.Build.0 = Debug|Any CPU
		{556B5B52-E3D4-46E7-BAAB-BC706BF74500}.Release|Any CPU.ActiveCfg = Release|Any CPU
		{556B5B52-E3D4-46E7-BAAB-BC706BF74500}.Release|Any CPU.Build.0 = Release|Any CPU
		{6037C759-B2DF-4737-98EB-1EA8E3848533}.Debug|Any CPU.ActiveCfg = Debug|Any CPU
		{6037C759-B2DF-4737-98EB-1EA8E3848533}.Debug|Any CPU.Build.0 = Debug|Any CPU
		{6037C759-B2DF-4737-98EB-1EA8E3848533}.Release|Any CPU.ActiveCfg = Release|Any CPU
		{6037C759-B2DF-4737-98EB-1EA8E3848533}.Release|Any CPU.Build.0 = Release|Any CPU
		{2228B69A-78B2-405F-A081-31BA3CAD2FD0}.Debug|Any CPU.ActiveCfg = Debug|Any CPU
		{2228B69A-78B2-405F-A081-31BA3CAD2FD0}.Debug|Any CPU.Build.0 = Debug|Any CPU
		{2228B69A-78B2-405F-A081-31BA3CAD2FD0}.Release|Any CPU.ActiveCfg = Release|Any CPU
		{2228B69A-78B2-405F-A081-31BA3CAD2FD0}.Release|Any CPU.Build.0 = Release|Any CPU
		{453A8087-E04F-4026-A316-A98B13871003}.Debug|Any CPU.ActiveCfg = Debug|Any CPU
		{453A8087-E04F-4026-A316-A98B13871003}.Debug|Any CPU.Build.0 = Debug|Any CPU
		{453A8087-E04F-4026-A316-A98B13871003}.Release|Any CPU.ActiveCfg = Release|Any CPU
		{453A8087-E04F-4026-A316-A98B13871003}.Release|Any CPU.Build.0 = Release|Any CPU
	EndGlobalSection
	GlobalSection(SolutionProperties) = preSolution
		HideSolutionNode = FALSE
	EndGlobalSection
	GlobalSection(ExtensibilityGlobals) = postSolution
		SolutionGuid = {6889151E-F82B-45FB-B5C9-8018029B48B8}
	EndGlobalSection
EndGlobal
