
Microsoft Visual Studio Solution File, Format Version 12.00
# Visual Studio Version 16
VisualStudioVersion = 16.0.30804.86
MinimumVisualStudioVersion = 10.0.40219.1
Project("{FAE04EC0-301F-11D3-BF4B-00C04F79EFBC}") = "crudmvc", "crudmvc.csproj", "{B25C70E1-CABF-404E-867A-33CB83A3DEA3}"
EndProject
Global
	GlobalSection(SolutionConfigurationPlatforms) = preSolution
		Debug|Any CPU = Debug|Any CPU
		Release|Any CPU = Release|Any CPU
	EndGlobalSection
	GlobalSection(ProjectConfigurationPlatforms) = postSolution
		{B25C70E1-CABF-404E-867A-33CB83A3DEA3}.Debug|Any CPU.ActiveCfg = Debug|Any CPU
		{B25C70E1-CABF-404E-867A-33CB83A3DEA3}.Debug|Any CPU.Build.0 = Debug|Any CPU
		{B25C70E1-CABF-404E-867A-33CB83A3DEA3}.Release|Any CPU.ActiveCfg = Release|Any CPU
		{B25C70E1-CABF-404E-867A-33CB83A3DEA3}.Release|Any CPU.Build.0 = Release|Any CPU
	EndGlobalSection
	GlobalSection(SolutionProperties) = preSolution
		HideSolutionNode = FALSE
	EndGlobalSection
	GlobalSection(ExtensibilityGlobals) = postSolution
		SolutionGuid = {21ED0C1E-26F7-4707-9209-27F36D586FEF}
	EndGlobalSection
EndGlobal
